
Microsoft Visual Studio Solution File, Format Version 12.00
# Visual Studio Version 17
VisualStudioVersion = 17.0.31903.59
MinimumVisualStudioVersion = 10.0.40219.1
Project("{2150E333-8FDC-42A3-9474-1A3956D46DE8}") = "backend", "backend", "{F0B62977-90E2-4EC8-BF79-A9FFD2F9A227}"
EndProject
Project("{FAE04EC0-301F-11D3-BF4B-00C04F79EFBC}") = "GastosPersonales.Api", "backend\GastosPersonales.Api\GastosPersonales.Api.csproj", "{D1CFA928-81E6-4ECF-8743-D3116BEDBCE0}"
EndProject
Global
	GlobalSection(SolutionConfigurationPlatforms) = preSolution
		Debug|Any CPU = Debug|Any CPU
		Release|Any CPU = Release|Any CPU
	EndGlobalSection
	GlobalSection(SolutionProperties) = preSolution
		HideSolutionNode = FALSE
	EndGlobalSection
	GlobalSection(ProjectConfigurationPlatforms) = postSolution
		{D1CFA928-81E6-4ECF-8743-D3116BEDBCE0}.Debug|Any CPU.ActiveCfg = Debug|Any CPU
		{D1CFA928-81E6-4ECF-8743-D3116BEDBCE0}.Debug|Any CPU.Build.0 = Debug|Any CPU
		{D1CFA928-81E6-4ECF-8743-D3116BEDBCE0}.Release|Any CPU.ActiveCfg = Release|Any CPU
		{D1CFA928-81E6-4ECF-8743-D3116BEDBCE0}.Release|Any CPU.Build.0 = Release|Any CPU
	EndGlobalSection
	GlobalSection(NestedProjects) = preSolution
		{D1CFA928-81E6-4ECF-8743-D3116BEDBCE0} = {F0B62977-90E2-4EC8-BF79-A9FFD2F9A227}
	EndGlobalSection
EndGlobal
